
Microsoft Visual Studio Solution File, Format Version 12.00
# Visual Studio Version 16
VisualStudioVersion = 16.0.33027.164
MinimumVisualStudioVersion = 10.0.40219.1
Project("{FAE04EC0-301F-11D3-BF4B-00C04F79EFBC}") = "BinartTest", "BinartTest\BinartTest.csproj", "{403ECB6B-65CF-41D1-BD25-D40139AC0D48}"
EndProject
Project("{FAE04EC0-301F-11D3-BF4B-00C04F79EFBC}") = "UnitTestProject1", "UnitTestProject1\UnitTestProject1.csproj", "{73C51C5B-9C9A-4BBF-8905-6F2B1BE7D8FB}"
EndProject
Global
	GlobalSection(SolutionConfigurationPlatforms) = preSolution
		Debug|Any CPU = Debug|Any CPU
		Release|Any CPU = Release|Any CPU
	EndGlobalSection
	GlobalSection(ProjectConfigurationPlatforms) = postSolution
		{403ECB6B-65CF-41D1-BD25-D40139AC0D48}.Debug|Any CPU.ActiveCfg = Debug|Any CPU
		{403ECB6B-65CF-41D1-BD25-D40139AC0D48}.Debug|Any CPU.Build.0 = Debug|Any CPU
		{403ECB6B-65CF-41D1-BD25-D40139AC0D48}.Release|Any CPU.ActiveCfg = Release|Any CPU
		{403ECB6B-65CF-41D1-BD25-D40139AC0D48}.Release|Any CPU.Build.0 = Release|Any CPU
		{73C51C5B-9C9A-4BBF-8905-6F2B1BE7D8FB}.Debug|Any CPU.ActiveCfg = Debug|Any CPU
		{73C51C5B-9C9A-4BBF-8905-6F2B1BE7D8FB}.Debug|Any CPU.Build.0 = Debug|Any CPU
		{73C51C5B-9C9A-4BBF-8905-6F2B1BE7D8FB}.Release|Any CPU.ActiveCfg = Release|Any CPU
		{73C51C5B-9C9A-4BBF-8905-6F2B1BE7D8FB}.Release|Any CPU.Build.0 = Release|Any CPU
	EndGlobalSection
	GlobalSection(SolutionProperties) = preSolution
		HideSolutionNode = FALSE
	EndGlobalSection
	GlobalSection(ExtensibilityGlobals) = postSolution
		SolutionGuid = {DB96F8B4-1484-4F91-AEDC-BD0E23824733}
	EndGlobalSection
EndGlobal
